
Microsoft Visual Studio Solution File, Format Version 12.00
# Visual Studio Version 16
VisualStudioVersion = 16.0.29503.13
MinimumVisualStudioVersion = 10.0.40219.1
Project("{FAE04EC0-301F-11D3-BF4B-00C04F79EFBC}") = "Showdoku", "Showdoku\Showdoku.csproj", "{56403010-D14F-41C4-9E39-2D1D5A7F7C03}"
EndProject
Project("{FAE04EC0-301F-11D3-BF4B-00C04F79EFBC}") = "Showdoku.Tests", "Showdoku.Tests\Showdoku.Tests.csproj", "{A85778AD-EBEB-41FD-9E34-8F283E19EAC6}"
EndProject
Global
	GlobalSection(SolutionConfigurationPlatforms) = preSolution
		Debug|Any CPU = Debug|Any CPU
		Release|Any CPU = Release|Any CPU
	EndGlobalSection
	GlobalSection(ProjectConfigurationPlatforms) = postSolution
		{56403010-D14F-41C4-9E39-2D1D5A7F7C03}.Debug|Any CPU.ActiveCfg = Debug|Any CPU
		{56403010-D14F-41C4-9E39-2D1D5A7F7C03}.Debug|Any CPU.Build.0 = Debug|Any CPU
		{56403010-D14F-41C4-9E39-2D1D5A7F7C03}.Release|Any CPU.ActiveCfg = Release|Any CPU
		{56403010-D14F-41C4-9E39-2D1D5A7F7C03}.Release|Any CPU.Build.0 = Release|Any CPU
		{A85778AD-EBEB-41FD-9E34-8F283E19EAC6}.Debug|Any CPU.ActiveCfg = Debug|Any CPU
		{A85778AD-EBEB-41FD-9E34-8F283E19EAC6}.Debug|Any CPU.Build.0 = Debug|Any CPU
		{A85778AD-EBEB-41FD-9E34-8F283E19EAC6}.Release|Any CPU.ActiveCfg = Release|Any CPU
		{A85778AD-EBEB-41FD-9E34-8F283E19EAC6}.Release|Any CPU.Build.0 = Release|Any CPU
	EndGlobalSection
	GlobalSection(SolutionProperties) = preSolution
		HideSolutionNode = FALSE
	EndGlobalSection
	GlobalSection(ExtensibilityGlobals) = postSolution
		SolutionGuid = {B4F80DAC-07B3-41EF-A2FA-E8E792C697D7}
	EndGlobalSection
EndGlobal
